# THIS IS AN AUTOGENERATED FILE. DO NOT EDIT THIS FILE DIRECTLY.
# yarn lockfile v1
pixie@^0.2.2:
  version "0.2.2"
  resolved "https://registry.yarnpkg.com/pixie/-/pixie-0.2.2.tgz#792042afa5a784fcfa86aacb766a2b7907b0d32c"

resolve-cwd@^1.0.0:
  version "1.0.0"
  resolved "https://registry.yarnpkg.com/resolve-cwd/-/resolve-cwd-1.0.0.tgz#4eaeea41ed040d1702457df64a42b2b07d246f9f"
  dependencies:
    resolve-from "^2.0.0"

resolve-from@^2.0.0:
  version "2.0.0"
  resolved "https://registry.yarnpkg.com/resolve-from/-/resolve-from-2.0.0.tgz#9480ab20e94ffa1d9e80a804c7ea147611966b57"

